CACTUS_ORCHESTRATOR_VERSION=v2.5.5
CACTUS_UI_VERSION=v2.5.0
CACTUS_CLIENT_NOTIFICATIONS_VERSION=v0.1.1
V12_CACTUS_RUNNER_VERSION=v1.18.0
V12_ENVOY_VERSION=v1.8.0
V13_STORAGE_BETA_CACTUS_RUNNER_VERSION=v2.10.0-storage.0.13.0
V13_STORAGE_BETA_ENVOY_VERSION=v2.5.0-storage.0.9.0
V13_CACTUS_RUNNER_VERSION=v2.10.0
V13_ENVOY_VERSION=v2.5.0
